
Microsoft Visual Studio Solution File, Format Version 12.00
# Visual Studio 15
VisualStudioVersion = 15.0.28307.1145
MinimumVisualStudioVersion = 10.0.40219.1
Project("{FAE04EC0-301F-11D3-BF4B-00C04F79EFBC}") = "stretsec.Android", "stretsec\stretsec.Android\stretsec.Android.csproj", "{E4B8DC67-5B07-4DAA-826B-178101390284}"
EndProject
Project("{FAE04EC0-301F-11D3-BF4B-00C04F79EFBC}") = "stretsec.iOS", "stretsec\stretsec.iOS\stretsec.iOS.csproj", "{292592F6-8309-4F89-9956-7E920765626B}"
EndProject
Project("{FAE04EC0-301F-11D3-BF4B-00C04F79EFBC}") = "stretsec", "stretsec\stretsec\stretsec.csproj", "{43E2FDC3-5787-4DB6-8A52-422C35F97AC5}"
EndProject
Global
	GlobalSection(SolutionConfigurationPlatforms) = preSolution
		Ad-Hoc|Any CPU = Ad-Hoc|Any CPU
		Ad-Hoc|iPhone = Ad-Hoc|iPhone
		Ad-Hoc|iPhoneSimulator = Ad-Hoc|iPhoneSimulator
		AppStore|Any CPU = AppStore|Any CPU
		AppStore|iPhone = AppStore|iPhone
		AppStore|iPhoneSimulator = AppStore|iPhoneSimulator
		Debug|Any CPU = Debug|Any CPU
		Debug|iPhone = Debug|iPhone
		Debug|iPhoneSimulator = Debug|iPhoneSimulator
		Release|Any CPU = Release|Any CPU
		Release|iPhone = Release|iPhone
		Release|iPhoneSimulator = Release|iPhoneSimulator
	EndGlobalSection
	GlobalSection(ProjectConfigurationPlatforms) = postSolution
		{E4B8DC67-5B07-4DAA-826B-178101390284}.Ad-Hoc|Any CPU.ActiveCfg = Release|Any CPU
		{E4B8DC67-5B07-4DAA-826B-178101390284}.Ad-Hoc|Any CPU.Build.0 = Release|Any CPU
		{E4B8DC67-5B07-4DAA-826B-178101390284}.Ad-Hoc|Any CPU.Deploy.0 = Release|Any CPU
		{E4B8DC67-5B07-4DAA-826B-178101390284}.Ad-Hoc|iPhone.ActiveCfg = Release|Any CPU
		{E4B8DC67-5B07-4DAA-826B-178101390284}.Ad-Hoc|iPhone.Build.0 = Release|Any CPU
		{E4B8DC67-5B07-4DAA-826B-178101390284}.Ad-Hoc|iPhone.Deploy.0 = Release|Any CPU
		{E4B8DC67-5B07-4DAA-826B-178101390284}.Ad-Hoc|iPhoneSimulator.ActiveCfg = Release|Any CPU
		{E4B8DC67-5B07-4DAA-826B-178101390284}.Ad-Hoc|iPhoneSimulator.Build.0 = Release|Any CPU
		{E4B8DC67-5B07-4DAA-826B-178101390284}.Ad-Hoc|iPhoneSimulator.Deploy.0 = Release|Any CPU
		{E4B8DC67-5B07-4DAA-826B-178101390284}.AppStore|Any CPU.ActiveCfg = Release|Any CPU
		{E4B8DC67-5B07-4DAA-826B-178101390284}.AppStore|Any CPU.Build.0 = Release|Any CPU
		{E4B8DC67-5B07-4DAA-826B-178101390284}.AppStore|Any CPU.Deploy.0 = Release|Any CPU
		{E4B8DC67-5B07-4DAA-826B-178101390284}.AppStore|iPhone.ActiveCfg = Release|Any CPU
		{E4B8DC67-5B07-4DAA-826B-178101390284}.AppStore|iPhone.Build.0 = Release|Any CPU
		{E4B8DC67-5B07-4DAA-826B-178101390284}.AppStore|iPhone.Deploy.0 = Release|Any CPU
		{E4B8DC67-5B07-4DAA-826B-178101390284}.AppStore|iPhoneSimulator.ActiveCfg = Release|Any CPU
		{E4B8DC67-5B07-4DAA-826B-178101390284}.AppStore|iPhoneSimulator.Build.0 = Release|Any CPU
		{E4B8DC67-5B07-4DAA-826B-178101390284}.AppStore|iPhoneSimulator.Deploy.0 = Release|Any CPU
		{E4B8DC67-5B07-4DAA-826B-178101390284}.Debug|Any CPU.ActiveCfg = Debug|Any CPU
		{E4B8DC67-5B07-4DAA-826B-178101390284}.Debug|Any CPU.Build.0 = Debug|Any CPU
		{E4B8DC67-5B07-4DAA-826B-178101390284}.Debug|Any CPU.Deploy.0 = Debug|Any CPU
		{E4B8DC67-5B07-4DAA-826B-178101390284}.Debug|iPhone.ActiveCfg = Debug|Any CPU
		{E4B8DC67-5B07-4DAA-826B-178101390284}.Debug|iPhone.Build.0 = Debug|Any CPU
		{E4B8DC67-5B07-4DAA-826B-178101390284}.Debug|iPhone.Deploy.0 = Debug|Any CPU
		{E4B8DC67-5B07-4DAA-826B-178101390284}.Debug|iPhoneSimulator.ActiveCfg = Debug|Any CPU
		{E4B8DC67-5B07-4DAA-826B-178101390284}.Debug|iPhoneSimulator.Build.0 = Debug|Any CPU
		{E4B8DC67-5B07-4DAA-826B-178101390284}.Debug|iPhoneSimulator.Deploy.0 = Debug|Any CPU
		{E4B8DC67-5B07-4DAA-826B-178101390284}.Release|Any CPU.ActiveCfg = Release|Any CPU
		{E4B8DC67-5B07-4DAA-826B-178101390284}.Release|Any CPU.Build.0 = Release|Any CPU
		{E4B8DC67-5B07-4DAA-826B-178101390284}.Release|Any CPU.Deploy.0 = Release|Any CPU
		{E4B8DC67-5B07-4DAA-826B-178101390284}.Release|iPhone.ActiveCfg = Release|Any CPU
		{E4B8DC67-5B07-4DAA-826B-178101390284}.Release|iPhone.Build.0 = Release|Any CPU
		{E4B8DC67-5B07-4DAA-826B-178101390284}.Release|iPhone.Deploy.0 = Release|Any CPU
		{E4B8DC67-5B07-4DAA-826B-178101390284}.Release|iPhoneSimulator.ActiveCfg = Release|Any CPU
		{E4B8DC67-5B07-4DAA-826B-178101390284}.Release|iPhoneSimulator.Build.0 = Release|Any CPU
		{E4B8DC67-5B07-4DAA-826B-178101390284}.Release|iPhoneSimulator.Deploy.0 = Release|Any CPU
		{292592F6-8309-4F89-9956-7E920765626B}.Ad-Hoc|Any CPU.ActiveCfg = Ad-Hoc|iPhone
		{292592F6-8309-4F89-9956-7E920765626B}.Ad-Hoc|Any CPU.Build.0 = Ad-Hoc|iPhone
		{292592F6-8309-4F89-9956-7E920765626B}.Ad-Hoc|Any CPU.Deploy.0 = Ad-Hoc|iPhone
		{292592F6-8309-4F89-9956-7E920765626B}.Ad-Hoc|iPhone.ActiveCfg = Ad-Hoc|iPhone
		{292592F6-8309-4F89-9956-7E920765626B}.Ad-Hoc|iPhone.Build.0 = Ad-Hoc|iPhone
		{292592F6-8309-4F89-9956-7E920765626B}.Ad-Hoc|iPhone.Deploy.0 = Ad-Hoc|iPhone
		{292592F6-8309-4F89-9956-7E920765626B}.Ad-Hoc|iPhoneSimulator.ActiveCfg = Ad-Hoc|iPhoneSimulator
		{292592F6-8309-4F89-9956-7E920765626B}.Ad-Hoc|iPhoneSimulator.Build.0 = Ad-Hoc|iPhoneSimulator
		{292592F6-8309-4F89-9956-7E920765626B}.Ad-Hoc|iPhoneSimulator.Deploy.0 = Ad-Hoc|iPhoneSimulator
		{292592F6-8309-4F89-9956-7E920765626B}.AppStore|Any CPU.ActiveCfg = AppStore|iPhone
		{292592F6-8309-4F89-9956-7E920765626B}.AppStore|Any CPU.Build.0 = AppStore|iPhone
		{292592F6-8309-4F89-9956-7E920765626B}.AppStore|Any CPU.Deploy.0 = AppStore|iPhone
		{292592F6-8309-4F89-9956-7E920765626B}.AppStore|iPhone.ActiveCfg = AppStore|iPhone
		{292592F6-8309-4F89-9956-7E920765626B}.AppStore|iPhone.Build.0 = AppStore|iPhone
		{292592F6-8309-4F89-9956-7E920765626B}.AppStore|iPhone.Deploy.0 = AppStore|iPhone
		{292592F6-8309-4F89-9956-7E920765626B}.AppStore|iPhoneSimulator.ActiveCfg = AppStore|iPhoneSimulator
		{292592F6-8309-4F89-9956-7E920765626B}.AppStore|iPhoneSimulator.Build.0 = AppStore|iPhoneSimulator
		{292592F6-8309-4F89-9956-7E920765626B}.AppStore|iPhoneSimulator.Deploy.0 = AppStore|iPhoneSimulator
		{292592F6-8309-4F89-9956-7E920765626B}.Debug|Any CPU.ActiveCfg = Debug|iPhoneSimulator
		{292592F6-8309-4F89-9956-7E920765626B}.Debug|Any CPU.Build.0 = Debug|iPhoneSimulator
		{292592F6-8309-4F89-9956-7E920765626B}.Debug|Any CPU.Deploy.0 = Debug|iPhoneSimulator
		{292592F6-8309-4F89-9956-7E920765626B}.Debug|iPhone.ActiveCfg = Debug|iPhone
		{292592F6-8309-4F89-9956-7E920765626B}.Debug|iPhone.Build.0 = Debug|iPhone
		{292592F6-8309-4F89-9956-7E920765626B}.Debug|iPhone.Deploy.0 = Debug|iPhone
		{292592F6-8309-4F89-9956-7E920765626B}.Debug|iPhoneSimulator.ActiveCfg = Debug|iPhoneSimulator
		{292592F6-8309-4F89-9956-7E920765626B}.Debug|iPhoneSimulator.Build.0 = Debug|iPhoneSimulator
		{292592F6-8309-4F89-9956-7E920765626B}.Debug|iPhoneSimulator.Deploy.0 = Debug|iPhoneSimulator
		{292592F6-8309-4F89-9956-7E920765626B}.Release|Any CPU.ActiveCfg = Release|iPhone
		{292592F6-8309-4F89-9956-7E920765626B}.Release|Any CPU.Build.0 = Release|iPhone
		{292592F6-8309-4F89-9956-7E920765626B}.Release|Any CPU.Deploy.0 = Release|iPhone
		{292592F6-8309-4F89-9956-7E920765626B}.Release|iPhone.ActiveCfg = Release|iPhone
		{292592F6-8309-4F89-9956-7E920765626B}.Release|iPhone.Build.0 = Release|iPhone
		{292592F6-8309-4F89-9956-7E920765626B}.Release|iPhone.Deploy.0 = Release|iPhone
		{292592F6-8309-4F89-9956-7E920765626B}.Release|iPhoneSimulator.ActiveCfg = Release|iPhoneSimulator
		{292592F6-8309-4F89-9956-7E920765626B}.Release|iPhoneSimulator.Build.0 = Release|iPhoneSimulator
		{292592F6-8309-4F89-9956-7E920765626B}.Release|iPhoneSimulator.Deploy.0 = Release|iPhoneSimulator
		{43E2FDC3-5787-4DB6-8A52-422C35F97AC5}.Ad-Hoc|Any CPU.ActiveCfg = Debug|Any CPU
		{43E2FDC3-5787-4DB6-8A52-422C35F97AC5}.Ad-Hoc|Any CPU.Build.0 = Debug|Any CPU
		{43E2FDC3-5787-4DB6-8A52-422C35F97AC5}.Ad-Hoc|Any CPU.Deploy.0 = Debug|Any CPU
		{43E2FDC3-5787-4DB6-8A52-422C35F97AC5}.Ad-Hoc|iPhone.ActiveCfg = Debug|Any CPU
		{43E2FDC3-5787-4DB6-8A52-422C35F97AC5}.Ad-Hoc|iPhone.Build.0 = Debug|Any CPU
		{43E2FDC3-5787-4DB6-8A52-422C35F97AC5}.Ad-Hoc|iPhone.Deploy.0 = Debug|Any CPU
		{43E2FDC3-5787-4DB6-8A52-422C35F97AC5}.Ad-Hoc|iPhoneSimulator.ActiveCfg = Debug|Any CPU
		{43E2FDC3-5787-4DB6-8A52-422C35F97AC5}.Ad-Hoc|iPhoneSimulator.Build.0 = Debug|Any CPU
		{43E2FDC3-5787-4DB6-8A52-422C35F97AC5}.Ad-Hoc|iPhoneSimulator.Deploy.0 = Debug|Any CPU
		{43E2FDC3-5787-4DB6-8A52-422C35F97AC5}.AppStore|Any CPU.ActiveCfg = Debug|Any CPU
		{43E2FDC3-5787-4DB6-8A52-422C35F97AC5}.AppStore|Any CPU.Build.0 = Debug|Any CPU
		{43E2FDC3-5787-4DB6-8A52-422C35F97AC5}.AppStore|Any CPU.Deploy.0 = Debug|Any CPU
		{43E2FDC3-5787-4DB6-8A52-422C35F97AC5}.AppStore|iPhone.ActiveCfg = Debug|Any CPU
		{43E2FDC3-5787-4DB6-8A52-422C35F97AC5}.AppStore|iPhone.Build.0 = Debug|Any CPU
		{43E2FDC3-5787-4DB6-8A52-422C35F97AC5}.AppStore|iPhone.Deploy.0 = Debug|Any CPU
		{43E2FDC3-5787-4DB6-8A52-422C35F97AC5}.AppStore|iPhoneSimulator.ActiveCfg = Debug|Any CPU
		{43E2FDC3-5787-4DB6-8A52-422C35F97AC5}.AppStore|iPhoneSimulator.Build.0 = Debug|Any CPU
		{43E2FDC3-5787-4DB6-8A52-422C35F97AC5}.AppStore|iPhoneSimulator.Deploy.0 = Debug|Any CPU
		{43E2FDC3-5787-4DB6-8A52-422C35F97AC5}.Debug|Any CPU.ActiveCfg = Debug|Any CPU
		{43E2FDC3-5787-4DB6-8A52-422C35F97AC5}.Debug|Any CPU.Build.0 = Debug|Any CPU
		{43E2FDC3-5787-4DB6-8A52-422C35F97AC5}.Debug|Any CPU.Deploy.0 = Debug|Any CPU
		{43E2FDC3-5787-4DB6-8A52-422C35F97AC5}.Debug|iPhone.ActiveCfg = Debug|Any CPU
		{43E2FDC3-5787-4DB6-8A52-422C35F97AC5}.Debug|iPhone.Build.0 = Debug|Any CPU
		{43E2FDC3-5787-4DB6-8A52-422C35F97AC5}.Debug|iPhone.Deploy.0 = Debug|Any CPU
		{43E2FDC3-5787-4DB6-8A52-422C35F97AC5}.Debug|iPhoneSimulator.ActiveCfg = Debug|Any CPU
		{43E2FDC3-5787-4DB6-8A52-422C35F97AC5}.Debug|iPhoneSimulator.Build.0 = Debug|Any CPU
		{43E2FDC3-5787-4DB6-8A52-422C35F97AC5}.Debug|iPhoneSimulator.Deploy.0 = Debug|Any CPU
		{43E2FDC3-5787-4DB6-8A52-422C35F97AC5}.Release|Any CPU.ActiveCfg = Release|Any CPU
		{43E2FDC3-5787-4DB6-8A52-422C35F97AC5}.Release|Any CPU.Build.0 = Release|Any CPU
		{43E2FDC3-5787-4DB6-8A52-422C35F97AC5}.Release|Any CPU.Deploy.0 = Release|Any CPU
		{43E2FDC3-5787-4DB6-8A52-422C35F97AC5}.Release|iPhone.ActiveCfg = Release|Any CPU
		{43E2FDC3-5787-4DB6-8A52-422C35F97AC5}.Release|iPhone.Build.0 = Release|Any CPU
		{43E2FDC3-5787-4DB6-8A52-422C35F97AC5}.Release|iPhone.Deploy.0 = Release|Any CPU
		{43E2FDC3-5787-4DB6-8A52-422C35F97AC5}.Release|iPhoneSimulator.ActiveCfg = Release|Any CPU
		{43E2FDC3-5787-4DB6-8A52-422C35F97AC5}.Release|iPhoneSimulator.Build.0 = Release|Any CPU
		{43E2FDC3-5787-4DB6-8A52-422C35F97AC5}.Release|iPhoneSimulator.Deploy.0 = Release|Any CPU
	EndGlobalSection
	GlobalSection(SolutionProperties) = preSolution
		HideSolutionNode = FALSE
	EndGlobalSection
	GlobalSection(ExtensibilityGlobals) = postSolution
		SolutionGuid = {0D9220CA-5A7F-4FD0-A7B3-F25E65BDA8E2}
	EndGlobalSection
EndGlobal
